
Microsoft Visual Studio Solution File, Format Version 12.00
# Visual Studio Version 16
VisualStudioVersion = 16.0.29613.14
MinimumVisualStudioVersion = 10.0.40219.1
Project("{FAE04EC0-301F-11D3-BF4B-00C04F79EFBC}") = "WinServiceForDownloadFile", "AutoGenEpoService\WinServiceForDownloadFile.csproj", "{A66C64E9-92A1-418C-8F78-BAF75E444BCD}"
EndProject
Global
	GlobalSection(SolutionConfigurationPlatforms) = preSolution
		Debug|Any CPU = Debug|Any CPU
		Release|Any CPU = Release|Any CPU
	EndGlobalSection
	GlobalSection(ProjectConfigurationPlatforms) = postSolution
		{A66C64E9-92A1-418C-8F78-BAF75E444BCD}.Debug|Any CPU.ActiveCfg = Debug|Any CPU
		{A66C64E9-92A1-418C-8F78-BAF75E444BCD}.Debug|Any CPU.Build.0 = Debug|Any CPU
		{A66C64E9-92A1-418C-8F78-BAF75E444BCD}.Release|Any CPU.ActiveCfg = Release|Any CPU
		{A66C64E9-92A1-418C-8F78-BAF75E444BCD}.Release|Any CPU.Build.0 = Release|Any CPU
	EndGlobalSection
	GlobalSection(SolutionProperties) = preSolution
		HideSolutionNode = FALSE
	EndGlobalSection
	GlobalSection(ExtensibilityGlobals) = postSolution
		SolutionGuid = {502A6A1A-B2D2-42A4-B9F7-1196BFECA290}
	EndGlobalSection
EndGlobal
